// !$*UTF8*$!
{
	archiveVersion = 1;
	classes = {
	};
	objectVersion = 46;
	objects = {

/* Begin PBXBuildFile section */
		2B500DF51C589E1B002BED1B /* main.cpp in Sources */ = {isa = PBXBuildFile; fileRef = 2B500DF41C589E1B002BED1B /* main.cpp */; };
/* End PBXBuildFile section */

/* Begin PBXCopyFilesBuildPhase section */
		2B500DEF1C589E1B002BED1B /* CopyFiles */ = {
			isa = PBXCopyFilesBuildPhase;
			buildActionMask = 2147483647;
			dstPath = /usr/share/man/man1/;
			dstSubfolderSpec = 0;
			files = (
			);
			runOnlyForDeploymentPostprocessing = 1;
		};
/* End PBXCopyFilesBuildPhase section */

/* Begin PBXFileReference section */
		2B500DF11C589E1B002BED1B /* Letter Combinations of a Phone Number */ = {isa = PBXFileReference; explicitFileType = "compiled.mach-o.executable"; includeInIndex = 0; path = "Letter Combinations of a Phone Number"; sourceTree = BUILT_PRODUCTS_DIR; };
		2B500DF41C589E1B002BED1B /* main.cpp */ = {isa = PBXFileReference; lastKnownFileType = sourcecode.cpp.cpp; path = main.cpp; sourceTree = "<group>"; };
/* End PBXFileReference section */

/* Begin PBXFrameworksBuildPhase section */
		2B500DEE1C589E1B002BED1B /* Frameworks */ = {
			isa = PBXFrameworksBuildPhase;
			buildActionMask = 2147483647;
			files = (
			);
			runOnlyForDeploymentPostprocessing = 0;
		};
/* End PBXFrameworksBuildPhase section */

/* Begin PBXGroup section */
		2B500DE81C589E1B002BED1B = {
			isa = PBXGroup;
			children = (
				2B500DF31C589E1B002BED1B /* Letter Combinations of a Phone Number */,
				2B500DF21C589E1B002BED1B /* Products */,
			);
			sourceTree = "<group>";
		};
		2B500DF21C589E1B002BED1B /* Products */ = {
			isa = PBXGroup;
			children = (
				2B500DF11C589E1B002BED1B /* Letter Combinations of a Phone Number */,
			);
			name = Products;
			sourceTree = "<group>";
		};
		2B500DF31C589E1B002BED1B /* Letter Combinations of a Phone Number */ = {
			isa = PBXGroup;
			children = (
				2B500DF41C589E1B002BED1B /* main.cpp */,
			);
			path = "Letter Combinations of a Phone Number";
			sourceTree = "<group>";
		};
/* End PBXGroup section */

/* Begin PBXNativeTarget section */
		2B500DF01C589E1B002BED1B /* Letter Combinations of a Phone Number */ = {
			isa = PBXNativeTarget;
			buildConfigurationList = 2B500DF81C589E1B002BED1B /* Build configuration list for PBXNativeTarget "Letter Combinations of a Phone Number" */;
			buildPhases = (
				2B500DED1C589E1B002BED1B /* Sources */,
				2B500DEE1C589E1B002BED1B /* Frameworks */,
				2B500DEF1C589E1B002BED1B /* CopyFiles */,
			);
			buildRules = (
			);
			dependencies = (
			);
			name = "Letter Combinations of a Phone Number";
			productName = "Letter Combinations of a Phone Number";
			productReference = 2B500DF11C589E1B002BED1B /* Letter Combinations of a Phone Number */;
			productType = "com.apple.product-type.tool";
		};
/* End PBXNativeTarget section */

/* Begin PBXProject section */
		2B500DE91C589E1B002BED1B /* Project object */ = {
			isa = PBXProject;
			attributes = {
				LastUpgradeCheck = 0720;
				ORGANIZATIONNAME = LiuChengyang;
				TargetAttributes = {
					2B500DF01C589E1B002BED1B = {
						CreatedOnToolsVersion = 7.2;
					};
				};
			};
			buildConfigurationList = 2B500DEC1C589E1B002BED1B /* Build configuration list for PBXProject "Letter Combinations of a Phone Number" */;
			compatibilityVersion = "Xcode 3.2";
			developmentRegion = English;
			hasScannedForEncodings = 0;
			knownRegions = (
				en,
			);
			mainGroup = 2B500DE81C589E1B002BED1B;
			productRefGroup = 2B500DF21C589E1B002BED1B /* Products */;
			projectDirPath = "";
			projectRoot = "";
			targets = (
				2B500DF01C589E1B002BED1B /* Letter Combinations of a Phone Number */,
			);
		};
/* End PBXProject section */

/* Begin PBXSourcesBuildPhase section */
		2B500DED1C589E1B002BED1B /* Sources */ = {
			isa = PBXSourcesBuildPhase;
			buildActionMask = 2147483647;
			files = (
				2B500DF51C589E1B002BED1B /* main.cpp in Sources */,
			);
			runOnlyForDeploymentPostprocessing = 0;
		};
/* End PBXSourcesBuildPhase section */

/* Begin XCBuildConfiguration section */
		2B500DF61C589E1B002BED1B /* Debug */ = {
			isa = XCBuildConfiguration;
			buildSettings = {
				ALWAYS_SEARCH_USER_PATHS = NO;
				CLANG_CXX_LANGUAGE_STANDARD = "gnu++0x";
				CLANG_CXX_LIBRARY = "libc++";
				CLANG_ENABLE_MODULES = YES;
				CLANG_ENABLE_OBJC_ARC = YES;
				CLANG_WARN_BOOL_CONVERSION = YES;
				CLANG_WARN_CONSTANT_CONVERSION = YES;
				CLANG_WARN_DIRECT_OBJC_ISA_USAGE = YES_ERROR;
				CLANG_WARN_EMPTY_BODY = YES;
				CLANG_WARN_ENUM_CONVERSION = YES;
				CLANG_WARN_INT_CONVERSION = YES;
				CLANG_WARN_OBJC_ROOT_CLASS = YES_ERROR;
				CLANG_WARN_UNREACHABLE_CODE = YES;
				CLANG_WARN__DUPLICATE_METHOD_MATCH = YES;
				CODE_SIGN_IDENTITY = "-";
				COPY_PHASE_STRIP = NO;
				DEBUG_INFORMATION_FORMAT = dwarf;
				ENABLE_STRICT_OBJC_MSGSEND = YES;
				ENABLE_TESTABILITY = YES;
				GCC_C_LANGUAGE_STANDARD = gnu99;
				GCC_DYNAMIC_NO_PIC = NO;
				GCC_NO_COMMON_BLOCKS = YES;
				GCC_OPTIMIZATION_LEVEL = 0;
				GCC_PREPROCESSOR_DEFINITIONS = (
					"DEBUG=1",
					"$(inherited)",
				);
				GCC_WARN_64_TO_32_BIT_CONVERSION = YES;
				GCC_WARN_ABOUT_RETURN_TYPE = YES_ERROR;
				GCC_WARN_UNDECLARED_SELECTOR = YES;
				GCC_WARN_UNINITIALIZED_AUTOS = YES_AGGRESSIVE;
				GCC_WARN_UNUSED_FUNCTION = YES;
				GCC_WARN_UNUSED_VARIABLE = YES;
				MACOSX_DEPLOYMENT_TARGET = 10.11;
				MTL_ENABLE_DEBUG_INFO = YES;
				ONLY_ACTIVE_ARCH = YES;
				SDKROOT = macosx;
			};
			name = Debug;
		};
		2B500DF71C589E1B002BED1B /* Release */ = {
			isa = XCBuildConfiguration;
			buildSettings = {
				ALWAYS_SEARCH_USER_PATHS = NO;
				CLANG_CXX_LANGUAGE_STANDARD = "gnu++0x";
				CLANG_CXX_LIBRARY = "libc++";
				CLANG_ENABLE_MODULES = YES;
				CLANG_ENABLE_OBJC_ARC = YES;
				CLANG_WARN_BOOL_CONVERSION = YES;
				CLANG_WARN_CONSTANT_CONVERSION = YES;
				CLANG_WARN_DIRECT_OBJC_ISA_USAGE = YES_ERROR;
				CLANG_WARN_EMPTY_BODY = YES;
				CLANG_WARN_ENUM_CONVERSION = YES;
				CLANG_WARN_INT_CONVERSION = YES;
				CLANG_WARN_OBJC_ROOT_CLASS = YES_ERROR;
				CLANG_WARN_UNREACHABLE_CODE = YES;
				CLANG_WARN__DUPLICATE_METHOD_MATCH = YES;
				CODE_SIGN_IDENTITY = "-";
				COPY_PHASE_STRIP = NO;
				DEBUG_INFORMATION_FORMAT = "dwarf-with-dsym";
				ENABLE_NS_ASSERTIONS = NO;
				ENABLE_STRICT_OBJC_MSGSEND = YES;
				GCC_C_LANGUAGE_STANDARD = gnu99;
				GCC_NO_COMMON_BLOCKS = YES;
				GCC_WARN_64_TO_32_BIT_CONVERSION = YES;
				GCC_WARN_ABOUT_RETURN_TYPE = YES_ERROR;
				GCC_WARN_UNDECLARED_SELECTOR = YES;
				GCC_WARN_UNINITIALIZED_AUTOS = YES_AGGRESSIVE;
				GCC_WARN_UNUSED_FUNCTION = YES;
				GCC_WARN_UNUSED_VARIABLE = YES;
				MACOSX_DEPLOYMENT_TARGET = 10.11;
				MTL_ENABLE_DEBUG_INFO = NO;
				SDKROOT = macosx;
			};
			name = Release;
		};
		2B500DF91C589E1B002BED1B /* Debug */ = {
			isa = XCBuildConfiguration;
			buildSettings = {
				PRODUCT_NAME = "$(TARGET_NAME)";
			};
			name = Debug;
		};
		2B500DFA1C589E1B002BED1B /* Release */ = {
			isa = XCBuildConfiguration;
			buildSettings = {
				PRODUCT_NAME = "$(TARGET_NAME)";
			};
			name = Release;
		};
/* End XCBuildConfiguration section */

/* Begin XCConfigurationList section */
		2B500DEC1C589E1B002BED1B /* Build configuration list for PBXProject "Letter Combinations of a Phone Number" */ = {
			isa = XCConfigurationList;
			buildConfigurations = (
				2B500DF61C589E1B002BED1B /* Debug */,
				2B500DF71C589E1B002BED1B /* Release */,
			);
			defaultConfigurationIsVisible = 0;
			defaultConfigurationName = Release;
		};
		2B500DF81C589E1B002BED1B /* Build configuration list for PBXNativeTarget "Letter Combinations of a Phone Number" */ = {
			isa = XCConfigurationList;
			buildConfigurations = (
				2B500DF91C589E1B002BED1B /* Debug */,
				2B500DFA1C589E1B002BED1B /* Release */,
			);
			defaultConfigurationIsVisible = 0;
		};
/* End XCConfigurationList section */
	};
	rootObject = 2B500DE91C589E1B002BED1B /* Project object */;
}
